[root]
name = "entity-component-system"
version = "0.0.1"
dependencies = [
 "component_store 0.0.1 (git+https://github.com/rschifflin/rust-component-store)",
 "pubsub 0.0.1 (git+https://github.com/rschifflin/rust-pubsub)",
]

[[package]]
name = "component_store"
version = "0.0.1"
source = "git+https://github.com/rschifflin/rust-component-store#c3395cd15b64ba8d98e9d57369a4183da1b8589c"

[[package]]
name = "pubsub"
version = "0.0.1"
source = "git+https://github.com/rschifflin/rust-pubsub#fd140d4dd77f083df12af8ba802700a0de199721"

