[root]
name = "entity-component-system"
version = "0.0.1"
dependencies = [
 "component_store 0.0.1 (git+https://github.com/rschifflin/rust-component-store)",
 "pubsub 0.0.1 (git+https://github.com/rschifflin/rust-pubsub)",
]

[[package]]
name = "component_store"
version = "0.0.1"
source = "git+https://github.com/rschifflin/rust-component-store#47ffc4177f29c72e4056d6a3ca6023a4d311ac13"

[[package]]
name = "pubsub"
version = "0.0.1"
source = "git+https://github.com/rschifflin/rust-pubsub#309a5ccbd6feb8736cef52f180121f24ae35246d"

